
Microsoft Visual Studio Solution File, Format Version 12.00
# Visual Studio 15
VisualStudioVersion = 15.0.28307.329
MinimumVisualStudioVersion = 10.0.40219.1
Project("{FAE04EC0-301F-11D3-BF4B-00C04F79EFBC}") = "ExemploVortice.Android", "ExemploVortice\ExemploVortice.Android\ExemploVortice.Android.csproj", "{00714407-D8D8-4D5B-8BF5-F5D422BC8F7D}"
EndProject
Project("{FAE04EC0-301F-11D3-BF4B-00C04F79EFBC}") = "ExemploVortice.iOS", "ExemploVortice\ExemploVortice.iOS\ExemploVortice.iOS.csproj", "{0A2B55A0-CFA7-405F-BFF8-53141407AEBC}"
EndProject
Project("{FAE04EC0-301F-11D3-BF4B-00C04F79EFBC}") = "ExemploVortice", "ExemploVortice\ExemploVortice\ExemploVortice.csproj", "{A5B75ECC-2A26-41DE-A5BB-3B6F56EF54AD}"
EndProject
Project("{FAE04EC0-301F-11D3-BF4B-00C04F79EFBC}") = "ExemploVortice.Service", "ExemploVortice.Service\ExemploVortice.Service.csproj", "{E872D5BF-B090-40EF-AB04-D58D78CAE851}"
EndProject
Global
	GlobalSection(SolutionConfigurationPlatforms) = preSolution
		Ad-Hoc|Any CPU = Ad-Hoc|Any CPU
		Ad-Hoc|iPhone = Ad-Hoc|iPhone
		Ad-Hoc|iPhoneSimulator = Ad-Hoc|iPhoneSimulator
		AppStore|Any CPU = AppStore|Any CPU
		AppStore|iPhone = AppStore|iPhone
		AppStore|iPhoneSimulator = AppStore|iPhoneSimulator
		Debug|Any CPU = Debug|Any CPU
		Debug|iPhone = Debug|iPhone
		Debug|iPhoneSimulator = Debug|iPhoneSimulator
		Release|Any CPU = Release|Any CPU
		Release|iPhone = Release|iPhone
		Release|iPhoneSimulator = Release|iPhoneSimulator
	EndGlobalSection
	GlobalSection(ProjectConfigurationPlatforms) = postSolution
		{00714407-D8D8-4D5B-8BF5-F5D422BC8F7D}.Ad-Hoc|Any CPU.ActiveCfg = Release|Any CPU
		{00714407-D8D8-4D5B-8BF5-F5D422BC8F7D}.Ad-Hoc|Any CPU.Build.0 = Release|Any CPU
		{00714407-D8D8-4D5B-8BF5-F5D422BC8F7D}.Ad-Hoc|Any CPU.Deploy.0 = Release|Any CPU
		{00714407-D8D8-4D5B-8BF5-F5D422BC8F7D}.Ad-Hoc|iPhone.ActiveCfg = Release|Any CPU
		{00714407-D8D8-4D5B-8BF5-F5D422BC8F7D}.Ad-Hoc|iPhone.Build.0 = Release|Any CPU
		{00714407-D8D8-4D5B-8BF5-F5D422BC8F7D}.Ad-Hoc|iPhone.Deploy.0 = Release|Any CPU
		{00714407-D8D8-4D5B-8BF5-F5D422BC8F7D}.Ad-Hoc|iPhoneSimulator.ActiveCfg = Release|Any CPU
		{00714407-D8D8-4D5B-8BF5-F5D422BC8F7D}.Ad-Hoc|iPhoneSimulator.Build.0 = Release|Any CPU
		{00714407-D8D8-4D5B-8BF5-F5D422BC8F7D}.Ad-Hoc|iPhoneSimulator.Deploy.0 = Release|Any CPU
		{00714407-D8D8-4D5B-8BF5-F5D422BC8F7D}.AppStore|Any CPU.ActiveCfg = Release|Any CPU
		{00714407-D8D8-4D5B-8BF5-F5D422BC8F7D}.AppStore|Any CPU.Build.0 = Release|Any CPU
		{00714407-D8D8-4D5B-8BF5-F5D422BC8F7D}.AppStore|Any CPU.Deploy.0 = Release|Any CPU
		{00714407-D8D8-4D5B-8BF5-F5D422BC8F7D}.AppStore|iPhone.ActiveCfg = Release|Any CPU
		{00714407-D8D8-4D5B-8BF5-F5D422BC8F7D}.AppStore|iPhone.Build.0 = Release|Any CPU
		{00714407-D8D8-4D5B-8BF5-F5D422BC8F7D}.AppStore|iPhone.Deploy.0 = Release|Any CPU
		{00714407-D8D8-4D5B-8BF5-F5D422BC8F7D}.AppStore|iPhoneSimulator.ActiveCfg = Release|Any CPU
		{00714407-D8D8-4D5B-8BF5-F5D422BC8F7D}.AppStore|iPhoneSimulator.Build.0 = Release|Any CPU
		{00714407-D8D8-4D5B-8BF5-F5D422BC8F7D}.AppStore|iPhoneSimulator.Deploy.0 = Release|Any CPU
		{00714407-D8D8-4D5B-8BF5-F5D422BC8F7D}.Debug|Any CPU.ActiveCfg = Debug|Any CPU
		{00714407-D8D8-4D5B-8BF5-F5D422BC8F7D}.Debug|Any CPU.Build.0 = Debug|Any CPU
		{00714407-D8D8-4D5B-8BF5-F5D422BC8F7D}.Debug|Any CPU.Deploy.0 = Debug|Any CPU
		{00714407-D8D8-4D5B-8BF5-F5D422BC8F7D}.Debug|iPhone.ActiveCfg = Debug|Any CPU
		{00714407-D8D8-4D5B-8BF5-F5D422BC8F7D}.Debug|iPhone.Build.0 = Debug|Any CPU
		{00714407-D8D8-4D5B-8BF5-F5D422BC8F7D}.Debug|iPhone.Deploy.0 = Debug|Any CPU
		{00714407-D8D8-4D5B-8BF5-F5D422BC8F7D}.Debug|iPhoneSimulator.ActiveCfg = Debug|Any CPU
		{00714407-D8D8-4D5B-8BF5-F5D422BC8F7D}.Debug|iPhoneSimulator.Build.0 = Debug|Any CPU
		{00714407-D8D8-4D5B-8BF5-F5D422BC8F7D}.Debug|iPhoneSimulator.Deploy.0 = Debug|Any CPU
		{00714407-D8D8-4D5B-8BF5-F5D422BC8F7D}.Release|Any CPU.ActiveCfg = Release|Any CPU
		{00714407-D8D8-4D5B-8BF5-F5D422BC8F7D}.Release|Any CPU.Build.0 = Release|Any CPU
		{00714407-D8D8-4D5B-8BF5-F5D422BC8F7D}.Release|Any CPU.Deploy.0 = Release|Any CPU
		{00714407-D8D8-4D5B-8BF5-F5D422BC8F7D}.Release|iPhone.ActiveCfg = Release|Any CPU
		{00714407-D8D8-4D5B-8BF5-F5D422BC8F7D}.Release|iPhone.Build.0 = Release|Any CPU
		{00714407-D8D8-4D5B-8BF5-F5D422BC8F7D}.Release|iPhone.Deploy.0 = Release|Any CPU
		{00714407-D8D8-4D5B-8BF5-F5D422BC8F7D}.Release|iPhoneSimulator.ActiveCfg = Release|Any CPU
		{00714407-D8D8-4D5B-8BF5-F5D422BC8F7D}.Release|iPhoneSimulator.Build.0 = Release|Any CPU
		{00714407-D8D8-4D5B-8BF5-F5D422BC8F7D}.Release|iPhoneSimulator.Deploy.0 = Release|Any CPU
		{0A2B55A0-CFA7-405F-BFF8-53141407AEBC}.Ad-Hoc|Any CPU.ActiveCfg = Ad-Hoc|iPhone
		{0A2B55A0-CFA7-405F-BFF8-53141407AEBC}.Ad-Hoc|Any CPU.Build.0 = Ad-Hoc|iPhone
		{0A2B55A0-CFA7-405F-BFF8-53141407AEBC}.Ad-Hoc|Any CPU.Deploy.0 = Ad-Hoc|iPhone
		{0A2B55A0-CFA7-405F-BFF8-53141407AEBC}.Ad-Hoc|iPhone.ActiveCfg = Ad-Hoc|iPhone
		{0A2B55A0-CFA7-405F-BFF8-53141407AEBC}.Ad-Hoc|iPhone.Build.0 = Ad-Hoc|iPhone
		{0A2B55A0-CFA7-405F-BFF8-53141407AEBC}.Ad-Hoc|iPhone.Deploy.0 = Ad-Hoc|iPhone
		{0A2B55A0-CFA7-405F-BFF8-53141407AEBC}.Ad-Hoc|iPhoneSimulator.ActiveCfg = Ad-Hoc|iPhoneSimulator
		{0A2B55A0-CFA7-405F-BFF8-53141407AEBC}.Ad-Hoc|iPhoneSimulator.Build.0 = Ad-Hoc|iPhoneSimulator
		{0A2B55A0-CFA7-405F-BFF8-53141407AEBC}.Ad-Hoc|iPhoneSimulator.Deploy.0 = Ad-Hoc|iPhoneSimulator
		{0A2B55A0-CFA7-405F-BFF8-53141407AEBC}.AppStore|Any CPU.ActiveCfg = AppStore|iPhone
		{0A2B55A0-CFA7-405F-BFF8-53141407AEBC}.AppStore|Any CPU.Build.0 = AppStore|iPhone
		{0A2B55A0-CFA7-405F-BFF8-53141407AEBC}.AppStore|Any CPU.Deploy.0 = AppStore|iPhone
		{0A2B55A0-CFA7-405F-BFF8-53141407AEBC}.AppStore|iPhone.ActiveCfg = AppStore|iPhone
		{0A2B55A0-CFA7-405F-BFF8-53141407AEBC}.AppStore|iPhone.Build.0 = AppStore|iPhone
		{0A2B55A0-CFA7-405F-BFF8-53141407AEBC}.AppStore|iPhone.Deploy.0 = AppStore|iPhone
		{0A2B55A0-CFA7-405F-BFF8-53141407AEBC}.AppStore|iPhoneSimulator.ActiveCfg = AppStore|iPhoneSimulator
		{0A2B55A0-CFA7-405F-BFF8-53141407AEBC}.AppStore|iPhoneSimulator.Build.0 = AppStore|iPhoneSimulator
		{0A2B55A0-CFA7-405F-BFF8-53141407AEBC}.AppStore|iPhoneSimulator.Deploy.0 = AppStore|iPhoneSimulator
		{0A2B55A0-CFA7-405F-BFF8-53141407AEBC}.Debug|Any CPU.ActiveCfg = Debug|iPhoneSimulator
		{0A2B55A0-CFA7-405F-BFF8-53141407AEBC}.Debug|Any CPU.Build.0 = Debug|iPhoneSimulator
		{0A2B55A0-CFA7-405F-BFF8-53141407AEBC}.Debug|Any CPU.Deploy.0 = Debug|iPhoneSimulator
		{0A2B55A0-CFA7-405F-BFF8-53141407AEBC}.Debug|iPhone.ActiveCfg = Debug|iPhone
		{0A2B55A0-CFA7-405F-BFF8-53141407AEBC}.Debug|iPhone.Build.0 = Debug|iPhone
		{0A2B55A0-CFA7-405F-BFF8-53141407AEBC}.Debug|iPhone.Deploy.0 = Debug|iPhone
		{0A2B55A0-CFA7-405F-BFF8-53141407AEBC}.Debug|iPhoneSimulator.ActiveCfg = Debug|iPhoneSimulator
		{0A2B55A0-CFA7-405F-BFF8-53141407AEBC}.Debug|iPhoneSimulator.Build.0 = Debug|iPhoneSimulator
		{0A2B55A0-CFA7-405F-BFF8-53141407AEBC}.Debug|iPhoneSimulator.Deploy.0 = Debug|iPhoneSimulator
		{0A2B55A0-CFA7-405F-BFF8-53141407AEBC}.Release|Any CPU.ActiveCfg = Release|iPhone
		{0A2B55A0-CFA7-405F-BFF8-53141407AEBC}.Release|Any CPU.Build.0 = Release|iPhone
		{0A2B55A0-CFA7-405F-BFF8-53141407AEBC}.Release|Any CPU.Deploy.0 = Release|iPhone
		{0A2B55A0-CFA7-405F-BFF8-53141407AEBC}.Release|iPhone.ActiveCfg = Release|iPhone
		{0A2B55A0-CFA7-405F-BFF8-53141407AEBC}.Release|iPhone.Build.0 = Release|iPhone
		{0A2B55A0-CFA7-405F-BFF8-53141407AEBC}.Release|iPhone.Deploy.0 = Release|iPhone
		{0A2B55A0-CFA7-405F-BFF8-53141407AEBC}.Release|iPhoneSimulator.ActiveCfg = Release|iPhoneSimulator
		{0A2B55A0-CFA7-405F-BFF8-53141407AEBC}.Release|iPhoneSimulator.Build.0 = Release|iPhoneSimulator
		{0A2B55A0-CFA7-405F-BFF8-53141407AEBC}.Release|iPhoneSimulator.Deploy.0 = Release|iPhoneSimulator
		{A5B75ECC-2A26-41DE-A5BB-3B6F56EF54AD}.Ad-Hoc|Any CPU.ActiveCfg = Debug|Any CPU
		{A5B75ECC-2A26-41DE-A5BB-3B6F56EF54AD}.Ad-Hoc|Any CPU.Build.0 = Debug|Any CPU
		{A5B75ECC-2A26-41DE-A5BB-3B6F56EF54AD}.Ad-Hoc|Any CPU.Deploy.0 = Debug|Any CPU
		{A5B75ECC-2A26-41DE-A5BB-3B6F56EF54AD}.Ad-Hoc|iPhone.ActiveCfg = Debug|Any CPU
		{A5B75ECC-2A26-41DE-A5BB-3B6F56EF54AD}.Ad-Hoc|iPhone.Build.0 = Debug|Any CPU
		{A5B75ECC-2A26-41DE-A5BB-3B6F56EF54AD}.Ad-Hoc|iPhone.Deploy.0 = Debug|Any CPU
		{A5B75ECC-2A26-41DE-A5BB-3B6F56EF54AD}.Ad-Hoc|iPhoneSimulator.ActiveCfg = Debug|Any CPU
		{A5B75ECC-2A26-41DE-A5BB-3B6F56EF54AD}.Ad-Hoc|iPhoneSimulator.Build.0 = Debug|Any CPU
		{A5B75ECC-2A26-41DE-A5BB-3B6F56EF54AD}.Ad-Hoc|iPhoneSimulator.Deploy.0 = Debug|Any CPU
		{A5B75ECC-2A26-41DE-A5BB-3B6F56EF54AD}.AppStore|Any CPU.ActiveCfg = Debug|Any CPU
		{A5B75ECC-2A26-41DE-A5BB-3B6F56EF54AD}.AppStore|Any CPU.Build.0 = Debug|Any CPU
		{A5B75ECC-2A26-41DE-A5BB-3B6F56EF54AD}.AppStore|Any CPU.Deploy.0 = Debug|Any CPU
		{A5B75ECC-2A26-41DE-A5BB-3B6F56EF54AD}.AppStore|iPhone.ActiveCfg = Debug|Any CPU
		{A5B75ECC-2A26-41DE-A5BB-3B6F56EF54AD}.AppStore|iPhone.Build.0 = Debug|Any CPU
		{A5B75ECC-2A26-41DE-A5BB-3B6F56EF54AD}.AppStore|iPhone.Deploy.0 = Debug|Any CPU
		{A5B75ECC-2A26-41DE-A5BB-3B6F56EF54AD}.AppStore|iPhoneSimulator.ActiveCfg = Debug|Any CPU
		{A5B75ECC-2A26-41DE-A5BB-3B6F56EF54AD}.AppStore|iPhoneSimulator.Build.0 = Debug|Any CPU
		{A5B75ECC-2A26-41DE-A5BB-3B6F56EF54AD}.AppStore|iPhoneSimulator.Deploy.0 = Debug|Any CPU
		{A5B75ECC-2A26-41DE-A5BB-3B6F56EF54AD}.Debug|Any CPU.ActiveCfg = Debug|Any CPU
		{A5B75ECC-2A26-41DE-A5BB-3B6F56EF54AD}.Debug|Any CPU.Build.0 = Debug|Any CPU
		{A5B75ECC-2A26-41DE-A5BB-3B6F56EF54AD}.Debug|Any CPU.Deploy.0 = Debug|Any CPU
		{A5B75ECC-2A26-41DE-A5BB-3B6F56EF54AD}.Debug|iPhone.ActiveCfg = Debug|Any CPU
		{A5B75ECC-2A26-41DE-A5BB-3B6F56EF54AD}.Debug|iPhone.Build.0 = Debug|Any CPU
		{A5B75ECC-2A26-41DE-A5BB-3B6F56EF54AD}.Debug|iPhone.Deploy.0 = Debug|Any CPU
		{A5B75ECC-2A26-41DE-A5BB-3B6F56EF54AD}.Debug|iPhoneSimulator.ActiveCfg = Debug|Any CPU
		{A5B75ECC-2A26-41DE-A5BB-3B6F56EF54AD}.Debug|iPhoneSimulator.Build.0 = Debug|Any CPU
		{A5B75ECC-2A26-41DE-A5BB-3B6F56EF54AD}.Debug|iPhoneSimulator.Deploy.0 = Debug|Any CPU
		{A5B75ECC-2A26-41DE-A5BB-3B6F56EF54AD}.Release|Any CPU.ActiveCfg = Release|Any CPU
		{A5B75ECC-2A26-41DE-A5BB-3B6F56EF54AD}.Release|Any CPU.Build.0 = Release|Any CPU
		{A5B75ECC-2A26-41DE-A5BB-3B6F56EF54AD}.Release|Any CPU.Deploy.0 = Release|Any CPU
		{A5B75ECC-2A26-41DE-A5BB-3B6F56EF54AD}.Release|iPhone.ActiveCfg = Release|Any CPU
		{A5B75ECC-2A26-41DE-A5BB-3B6F56EF54AD}.Release|iPhone.Build.0 = Release|Any CPU
		{A5B75ECC-2A26-41DE-A5BB-3B6F56EF54AD}.Release|iPhone.Deploy.0 = Release|Any CPU
		{A5B75ECC-2A26-41DE-A5BB-3B6F56EF54AD}.Release|iPhoneSimulator.ActiveCfg = Release|Any CPU
		{A5B75ECC-2A26-41DE-A5BB-3B6F56EF54AD}.Release|iPhoneSimulator.Build.0 = Release|Any CPU
		{A5B75ECC-2A26-41DE-A5BB-3B6F56EF54AD}.Release|iPhoneSimulator.Deploy.0 = Release|Any CPU
		{E872D5BF-B090-40EF-AB04-D58D78CAE851}.Ad-Hoc|Any CPU.ActiveCfg = Debug|Any CPU
		{E872D5BF-B090-40EF-AB04-D58D78CAE851}.Ad-Hoc|Any CPU.Build.0 = Debug|Any CPU
		{E872D5BF-B090-40EF-AB04-D58D78CAE851}.Ad-Hoc|iPhone.ActiveCfg = Debug|Any CPU
		{E872D5BF-B090-40EF-AB04-D58D78CAE851}.Ad-Hoc|iPhone.Build.0 = Debug|Any CPU
		{E872D5BF-B090-40EF-AB04-D58D78CAE851}.Ad-Hoc|iPhoneSimulator.ActiveCfg = Debug|Any CPU
		{E872D5BF-B090-40EF-AB04-D58D78CAE851}.Ad-Hoc|iPhoneSimulator.Build.0 = Debug|Any CPU
		{E872D5BF-B090-40EF-AB04-D58D78CAE851}.AppStore|Any CPU.ActiveCfg = Debug|Any CPU
		{E872D5BF-B090-40EF-AB04-D58D78CAE851}.AppStore|Any CPU.Build.0 = Debug|Any CPU
		{E872D5BF-B090-40EF-AB04-D58D78CAE851}.AppStore|iPhone.ActiveCfg = Debug|Any CPU
		{E872D5BF-B090-40EF-AB04-D58D78CAE851}.AppStore|iPhone.Build.0 = Debug|Any CPU
		{E872D5BF-B090-40EF-AB04-D58D78CAE851}.AppStore|iPhoneSimulator.ActiveCfg = Debug|Any CPU
		{E872D5BF-B090-40EF-AB04-D58D78CAE851}.AppStore|iPhoneSimulator.Build.0 = Debug|Any CPU
		{E872D5BF-B090-40EF-AB04-D58D78CAE851}.Debug|Any CPU.ActiveCfg = Debug|Any CPU
		{E872D5BF-B090-40EF-AB04-D58D78CAE851}.Debug|Any CPU.Build.0 = Debug|Any CPU
		{E872D5BF-B090-40EF-AB04-D58D78CAE851}.Debug|iPhone.ActiveCfg = Debug|Any CPU
		{E872D5BF-B090-40EF-AB04-D58D78CAE851}.Debug|iPhone.Build.0 = Debug|Any CPU
		{E872D5BF-B090-40EF-AB04-D58D78CAE851}.Debug|iPhoneSimulator.ActiveCfg = Debug|Any CPU
		{E872D5BF-B090-40EF-AB04-D58D78CAE851}.Debug|iPhoneSimulator.Build.0 = Debug|Any CPU
		{E872D5BF-B090-40EF-AB04-D58D78CAE851}.Release|Any CPU.ActiveCfg = Release|Any CPU
		{E872D5BF-B090-40EF-AB04-D58D78CAE851}.Release|Any CPU.Build.0 = Release|Any CPU
		{E872D5BF-B090-40EF-AB04-D58D78CAE851}.Release|iPhone.ActiveCfg = Release|Any CPU
		{E872D5BF-B090-40EF-AB04-D58D78CAE851}.Release|iPhone.Build.0 = Release|Any CPU
		{E872D5BF-B090-40EF-AB04-D58D78CAE851}.Release|iPhoneSimulator.ActiveCfg = Release|Any CPU
		{E872D5BF-B090-40EF-AB04-D58D78CAE851}.Release|iPhoneSimulator.Build.0 = Release|Any CPU
	EndGlobalSection
	GlobalSection(SolutionProperties) = preSolution
		HideSolutionNode = FALSE
	EndGlobalSection
	GlobalSection(ExtensibilityGlobals) = postSolution
		SolutionGuid = {385015B0-AF89-4DFE-9C22-3A5AB4C9ED1A}
	EndGlobalSection
EndGlobal
